
Microsoft Visual Studio Solution File, Format Version 12.00
# Visual Studio Version 17
VisualStudioVersion = 17.0.32014.148
MinimumVisualStudioVersion = 10.0.40219.1
Project("{FAE04EC0-301F-11D3-BF4B-00C04F79EFBC}") = "LibraryASPNETAlesja", "LibraryASPNETAlesja.csproj", "{DC12DEC2-F867-4E54-BC62-A8CBFBAFCC79}"
EndProject
Global
	GlobalSection(SolutionConfigurationPlatforms) = preSolution
		Debug|Any CPU = Debug|Any CPU
		Release|Any CPU = Release|Any CPU
	EndGlobalSection
	GlobalSection(ProjectConfigurationPlatforms) = postSolution
		{DC12DEC2-F867-4E54-BC62-A8CBFBAFCC79}.Debug|Any CPU.ActiveCfg = Debug|Any CPU
		{DC12DEC2-F867-4E54-BC62-A8CBFBAFCC79}.Debug|Any CPU.Build.0 = Debug|Any CPU
		{DC12DEC2-F867-4E54-BC62-A8CBFBAFCC79}.Release|Any CPU.ActiveCfg = Release|Any CPU
		{DC12DEC2-F867-4E54-BC62-A8CBFBAFCC79}.Release|Any CPU.Build.0 = Release|Any CPU
	EndGlobalSection
	GlobalSection(SolutionProperties) = preSolution
		HideSolutionNode = FALSE
	EndGlobalSection
	GlobalSection(ExtensibilityGlobals) = postSolution
		SolutionGuid = {510463CB-87D7-40D8-80F4-23CBEA9E8902}
	EndGlobalSection
EndGlobal
